
Microsoft Visual Studio Solution File, Format Version 12.00
# Visual Studio Version 17
VisualStudioVersion = 17.8.34322.80
MinimumVisualStudioVersion = 10.0.40219.1
Project("{FAE04EC0-301F-11D3-BF4B-00C04F79EFBC}") = "CalculatorProject", "Calculator\CalculatorProject.csproj", "{3846A5C1-2EE5-4FFC-88AB-AF7D5D86D417}"
EndProject
Project("{FAE04EC0-301F-11D3-BF4B-00C04F79EFBC}") = "Calculator.ProjectTest", "Calculator.Test\Calculator.ProjectTest.csproj", "{0B811A4A-528D-4FF0-B798-80ED15F36395}"
EndProject
Global
	GlobalSection(SolutionConfigurationPlatforms) = preSolution
		Debug|Any CPU = Debug|Any CPU
		Release|Any CPU = Release|Any CPU
	EndGlobalSection
	GlobalSection(ProjectConfigurationPlatforms) = postSolution
		{3846A5C1-2EE5-4FFC-88AB-AF7D5D86D417}.Debug|Any CPU.ActiveCfg = Debug|Any CPU
		{3846A5C1-2EE5-4FFC-88AB-AF7D5D86D417}.Debug|Any CPU.Build.0 = Debug|Any CPU
		{3846A5C1-2EE5-4FFC-88AB-AF7D5D86D417}.Release|Any CPU.ActiveCfg = Release|Any CPU
		{3846A5C1-2EE5-4FFC-88AB-AF7D5D86D417}.Release|Any CPU.Build.0 = Release|Any CPU
		{0B811A4A-528D-4FF0-B798-80ED15F36395}.Debug|Any CPU.ActiveCfg = Debug|Any CPU
		{0B811A4A-528D-4FF0-B798-80ED15F36395}.Debug|Any CPU.Build.0 = Debug|Any CPU
		{0B811A4A-528D-4FF0-B798-80ED15F36395}.Release|Any CPU.ActiveCfg = Release|Any CPU
		{0B811A4A-528D-4FF0-B798-80ED15F36395}.Release|Any CPU.Build.0 = Release|Any CPU
	EndGlobalSection
	GlobalSection(SolutionProperties) = preSolution
		HideSolutionNode = FALSE
	EndGlobalSection
	GlobalSection(ExtensibilityGlobals) = postSolution
		SolutionGuid = {3DE1326F-077A-45B2-BEAD-7B59F40B80F9}
	EndGlobalSection
EndGlobal
